
Microsoft Visual Studio Solution File, Format Version 12.00
# Visual Studio Version 16
VisualStudioVersion = 16.0.28714.193
MinimumVisualStudioVersion = 10.0.40219.1
Project("{FAE04EC0-301F-11D3-BF4B-00C04F79EFBC}") = "WebApplication1", "WebApplication1\WebApplication1.csproj", "{C34FB706-E098-419F-A490-924208863591}"
EndProject
Global
	GlobalSection(SolutionConfigurationPlatforms) = preSolution
		Debug|Any CPU = Debug|Any CPU
		Release|Any CPU = Release|Any CPU
	EndGlobalSection
	GlobalSection(ProjectConfigurationPlatforms) = postSolution
		{C34FB706-E098-419F-A490-924208863591}.Debug|Any CPU.ActiveCfg = Debug|Any CPU
		{C34FB706-E098-419F-A490-924208863591}.Debug|Any CPU.Build.0 = Debug|Any CPU
		{C34FB706-E098-419F-A490-924208863591}.Release|Any CPU.ActiveCfg = Release|Any CPU
		{C34FB706-E098-419F-A490-924208863591}.Release|Any CPU.Build.0 = Release|Any CPU
	EndGlobalSection
	GlobalSection(SolutionProperties) = preSolution
		HideSolutionNode = FALSE
	EndGlobalSection
	GlobalSection(ExtensibilityGlobals) = postSolution
		SolutionGuid = {6C629243-9A87-4A50-800E-6479167F060A}
	EndGlobalSection
EndGlobal
