
Microsoft Visual Studio Solution File, Format Version 12.00
# Visual Studio 15
VisualStudioVersion = 15.0.28307.539
MinimumVisualStudioVersion = 10.0.40219.1
Project("{9A19103F-16F7-4668-BE54-9A1E7A4F7556}") = "WebApplication1", "WebApplication1\WebApplication1.csproj", "{C34FB706-E098-419F-A490-924208863591}"
EndProject
Global
	GlobalSection(SolutionConfigurationPlatforms) = preSolution
		Debug|Any CPU = Debug|Any CPU
		Release|Any CPU = Release|Any CPU
	EndGlobalSection
	GlobalSection(ProjectConfigurationPlatforms) = postSolution
		{C34FB706-E098-419F-A490-924208863591}.Debug|Any CPU.ActiveCfg = Debug|Any CPU
		{C34FB706-E098-419F-A490-924208863591}.Debug|Any CPU.Build.0 = Debug|Any CPU
		{C34FB706-E098-419F-A490-924208863591}.Release|Any CPU.ActiveCfg = Release|Any CPU
		{C34FB706-E098-419F-A490-924208863591}.Release|Any CPU.Build.0 = Release|Any CPU
	EndGlobalSection
	GlobalSection(SolutionProperties) = preSolution
		HideSolutionNode = FALSE
	EndGlobalSection
	GlobalSection(ExtensibilityGlobals) = postSolution
		SolutionGuid = {6C629243-9A87-4A50-800E-6479167F060A}
	EndGlobalSection
EndGlobal
